PODS:
  - JSONWebToken (2.2.0)
  - Starscream (3.0.2)

DEPENDENCIES:
  - JSONWebToken
  - Starscream

SPEC CHECKSUMS:
  JSONWebToken: 6fae32489632658d563dd6952a5c34020ea813e4
  Starscream: b512c62f6706421221b5ceb2ba01a9f58aca5bea

PODFILE CHECKSUM: 0536a90d90284c3f567b6c473ced5373bc38e300

COCOAPODS: 1.2.1
