// !$*UTF8*$!
{
	archiveVersion = 1;
	classes = {
	};
	objectVersion = 48;
	objects = {

/* Begin PBXBuildFile section */
		D3A78C931FABA38600972C88 /* AppDelegate.swift in Sources */ = {isa = PBXBuildFile; fileRef = D3A78C921FABA38600972C88 /* AppDelegate.swift */; };
		D3A78C951FABA38600972C88 /* ViewController.swift in Sources */ = {isa = PBXBuildFile; fileRef = D3A78C941FABA38600972C88 /* ViewController.swift */; };
		D3A78C981FABA38600972C88 /* Main.storyboard in Resources */ = {isa = PBXBuildFile; fileRef = D3A78C961FABA38600972C88 /* Main.storyboard */; };
		D3A78C9A1FABA38600972C88 /* Assets.xcassets in Resources */ = {isa = PBXBuildFile; fileRef = D3A78C991FABA38600972C88 /* Assets.xcassets */; };
		D3A78C9D1FABA38600972C88 /* LaunchScreen.storyboard in Resources */ = {isa = PBXBuildFile; fileRef = D3A78C9B1FABA38600972C88 /* LaunchScreen.storyboard */; };
		D3B507B41FB35ED5002176F1 /* Podfile in Resources */ = {isa = PBXBuildFile; fileRef = D3B507B31FB35ED5002176F1 /* Podfile */; };
		D3B507B61FB3612C002176F1 /* Default-568h@2x.png in Resources */ = {isa = PBXBuildFile; fileRef = D3B507B51FB3612C002176F1 /* Default-568h@2x.png */; };
		D788C088745DE86132453E35 /* Pods_WonderfulAdventure.framework in Frameworks */ = {isa = PBXBuildFile; fileRef = 7FB505C41B89432DA0894B40 /* Pods_WonderfulAdventure.framework */; };
/* End PBXBuildFile section */

/* Begin PBXFileReference section */
		33CE1525CD6F17E41E3D9396 /* Pods-Chris and Morgan's Wonderful Adventure.release.xcconfig */ = {isa = PBXFileReference; includeInIndex = 1; lastKnownFileType = text.xcconfig; name = "Pods-Chris and Morgan's Wonderful Adventure.release.xcconfig"; path = "Pods/Target Support Files/Pods-Chris and Morgan's Wonderful Adventure/Pods-Chris and Morgan's Wonderful Adventure.release.xcconfig"; sourceTree = "<group>"; };
		6D395089DF63D0CB4A293298 /* Pods-WonderfulAdventure.release.xcconfig */ = {isa = PBXFileReference; includeInIndex = 1; lastKnownFileType = text.xcconfig; name = "Pods-WonderfulAdventure.release.xcconfig"; path = "Pods/Target Support Files/Pods-WonderfulAdventure/Pods-WonderfulAdventure.release.xcconfig"; sourceTree = "<group>"; };
		7FB505C41B89432DA0894B40 /* Pods_WonderfulAdventure.framework */ = {isa = PBXFileReference; explicitFileType = wrapper.framework; includeInIndex = 0; path = Pods_WonderfulAdventure.framework; sourceTree = BUILT_PRODUCTS_DIR; };
		85822BED56844F13759A5689 /* Pods-Chris and Morgan's Wonderful Adventure.debug.xcconfig */ = {isa = PBXFileReference; includeInIndex = 1; lastKnownFileType = text.xcconfig; name = "Pods-Chris and Morgan's Wonderful Adventure.debug.xcconfig"; path = "Pods/Target Support Files/Pods-Chris and Morgan's Wonderful Adventure/Pods-Chris and Morgan's Wonderful Adventure.debug.xcconfig"; sourceTree = "<group>"; };
		8AF5CA3C08C091AC2C62996B /* Pods-WonderfulAdventure.debug.xcconfig */ = {isa = PBXFileReference; includeInIndex = 1; lastKnownFileType = text.xcconfig; name = "Pods-WonderfulAdventure.debug.xcconfig"; path = "Pods/Target Support Files/Pods-WonderfulAdventure/Pods-WonderfulAdventure.debug.xcconfig"; sourceTree = "<group>"; };
		D3A78C8F1FABA38600972C88 /* WonderfulAdventure.app */ = {isa = PBXFileReference; explicitFileType = wrapper.application; includeInIndex = 0; path = WonderfulAdventure.app; sourceTree = BUILT_PRODUCTS_DIR; };
		D3A78C921FABA38600972C88 /* AppDelegate.swift */ = {isa = PBXFileReference; lastKnownFileType = sourcecode.swift; path = AppDelegate.swift; sourceTree = "<group>"; };
		D3A78C941FABA38600972C88 /* ViewController.swift */ = {isa = PBXFileReference; lastKnownFileType = sourcecode.swift; path = ViewController.swift; sourceTree = "<group>"; };
		D3A78C971FABA38600972C88 /* Base */ = {isa = PBXFileReference; lastKnownFileType = file.storyboard; name = Base; path = Base.lproj/Main.storyboard; sourceTree = "<group>"; };
		D3A78C991FABA38600972C88 /* Assets.xcassets */ = {isa = PBXFileReference; lastKnownFileType = folder.assetcatalog; path = Assets.xcassets; sourceTree = "<group>"; };
		D3A78C9C1FABA38600972C88 /* Base */ = {isa = PBXFileReference; lastKnownFileType = file.storyboard; name = Base; path = Base.lproj/LaunchScreen.storyboard; sourceTree = "<group>"; };
		D3A78C9E1FABA38600972C88 /* Info.plist */ = {isa = PBXFileReference; lastKnownFileType = text.plist.xml; path = Info.plist; sourceTree = "<group>"; };
		D3B507B31FB35ED5002176F1 /* Podfile */ = {isa = PBXFileReference; fileEncoding = 4; lastKnownFileType = text; path = Podfile; sourceTree = "<group>"; xcLanguageSpecificationIdentifier = xcode.lang.ruby; };
		D3B507B51FB3612C002176F1 /* Default-568h@2x.png */ = {isa = PBXFileReference; lastKnownFileType = image.png; path = "Default-568h@2x.png"; sourceTree = "<group>"; };
		EE2778433FA099EDBA82094C /* Pods_Chris_and_Morgan_s_Wonderful_Adventure.framework */ = {isa = PBXFileReference; explicitFileType = wrapper.framework; includeInIndex = 0; path = Pods_Chris_and_Morgan_s_Wonderful_Adventure.framework; sourceTree = BUILT_PRODUCTS_DIR; };
/* End PBXFileReference section */

/* Begin PBXFrameworksBuildPhase section */
		D3A78C8C1FABA38600972C88 /* Frameworks */ = {
			isa = PBXFrameworksBuildPhase;
			buildActionMask = 2147483647;
			files = (
				D788C088745DE86132453E35 /* Pods_WonderfulAdventure.framework in Frameworks */,
			);
			runOnlyForDeploymentPostprocessing = 0;
		};
/* End PBXFrameworksBuildPhase section */

/* Begin PBXGroup section */
		02E167378A9D728AB181A00C /* Pods */ = {
			isa = PBXGroup;
			children = (
				D3B507B31FB35ED5002176F1 /* Podfile */,
				85822BED56844F13759A5689 /* Pods-Chris and Morgan's Wonderful Adventure.debug.xcconfig */,
				33CE1525CD6F17E41E3D9396 /* Pods-Chris and Morgan's Wonderful Adventure.release.xcconfig */,
				8AF5CA3C08C091AC2C62996B /* Pods-WonderfulAdventure.debug.xcconfig */,
				6D395089DF63D0CB4A293298 /* Pods-WonderfulAdventure.release.xcconfig */,
			);
			name = Pods;
			sourceTree = "<group>";
		};
		35CF158AAAC69130ECCDCE4E /* Frameworks */ = {
			isa = PBXGroup;
			children = (
				EE2778433FA099EDBA82094C /* Pods_Chris_and_Morgan_s_Wonderful_Adventure.framework */,
				7FB505C41B89432DA0894B40 /* Pods_WonderfulAdventure.framework */,
			);
			name = Frameworks;
			sourceTree = "<group>";
		};
		D3A78C861FABA38600972C88 = {
			isa = PBXGroup;
			children = (
				D3B507B51FB3612C002176F1 /* Default-568h@2x.png */,
				D3A78C911FABA38600972C88 /* WonderfulAdventure */,
				D3A78C901FABA38600972C88 /* Products */,
				02E167378A9D728AB181A00C /* Pods */,
				35CF158AAAC69130ECCDCE4E /* Frameworks */,
			);
			sourceTree = "<group>";
		};
		D3A78C901FABA38600972C88 /* Products */ = {
			isa = PBXGroup;
			children = (
				D3A78C8F1FABA38600972C88 /* WonderfulAdventure.app */,
			);
			name = Products;
			sourceTree = "<group>";
		};
		D3A78C911FABA38600972C88 /* WonderfulAdventure */ = {
			isa = PBXGroup;
			children = (
				D3A78C921FABA38600972C88 /* AppDelegate.swift */,
				D3A78C941FABA38600972C88 /* ViewController.swift */,
				D3A78C961FABA38600972C88 /* Main.storyboard */,
				D3A78C991FABA38600972C88 /* Assets.xcassets */,
				D3A78C9B1FABA38600972C88 /* LaunchScreen.storyboard */,
				D3A78C9E1FABA38600972C88 /* Info.plist */,
			);
			path = WonderfulAdventure;
			sourceTree = "<group>";
		};
/* End PBXGroup section */

/* Begin PBXNativeTarget section */
		D3A78C8E1FABA38600972C88 /* WonderfulAdventure */ = {
			isa = PBXNativeTarget;
			buildConfigurationList = D3A78CA11FABA38600972C88 /* Build configuration list for PBXNativeTarget "WonderfulAdventure" */;
			buildPhases = (
				1FE9C354F89EB77FC28AA171 /* [CP] Check Pods Manifest.lock */,
				D3A78C8B1FABA38600972C88 /* Sources */,
				D3A78C8C1FABA38600972C88 /* Frameworks */,
				D3A78C8D1FABA38600972C88 /* Resources */,
				16E17E7EFBD598AA1C74369A /* [CP] Embed Pods Frameworks */,
				8C3ABB0D27D4E7F363345635 /* [CP] Copy Pods Resources */,
			);
			buildRules = (
			);
			dependencies = (
			);
			name = WonderfulAdventure;
			productName = "Chris and Morgan's Wonderful Adventure";
			productReference = D3A78C8F1FABA38600972C88 /* WonderfulAdventure.app */;
			productType = "com.apple.product-type.application";
		};
/* End PBXNativeTarget section */

/* Begin PBXProject section */
		D3A78C871FABA38600972C88 /* Project object */ = {
			isa = PBXProject;
			attributes = {
				LastSwiftUpdateCheck = 0900;
				LastUpgradeCheck = 0900;
				ORGANIZATIONNAME = LivePerson;
				TargetAttributes = {
					D3A78C8E1FABA38600972C88 = {
						CreatedOnToolsVersion = 9.0.1;
						ProvisioningStyle = Automatic;
					};
				};
			};
			buildConfigurationList = D3A78C8A1FABA38600972C88 /* Build configuration list for PBXProject "WonderfulAdventure" */;
			compatibilityVersion = "Xcode 8.0";
			developmentRegion = en;
			hasScannedForEncodings = 0;
			knownRegions = (
				en,
				Base,
			);
			mainGroup = D3A78C861FABA38600972C88;
			productRefGroup = D3A78C901FABA38600972C88 /* Products */;
			projectDirPath = "";
			projectRoot = "";
			targets = (
				D3A78C8E1FABA38600972C88 /* WonderfulAdventure */,
			);
		};
/* End PBXProject section */

/* Begin PBXResourcesBuildPhase section */
		D3A78C8D1FABA38600972C88 /* Resources */ = {
			isa = PBXResourcesBuildPhase;
			buildActionMask = 2147483647;
			files = (
				D3A78C9D1FABA38600972C88 /* LaunchScreen.storyboard in Resources */,
				D3A78C9A1FABA38600972C88 /* Assets.xcassets in Resources */,
				D3B507B41FB35ED5002176F1 /* Podfile in Resources */,
				D3B507B61FB3612C002176F1 /* Default-568h@2x.png in Resources */,
				D3A78C981FABA38600972C88 /* Main.storyboard in Resources */,
			);
			runOnlyForDeploymentPostprocessing = 0;
		};
/* End PBXResourcesBuildPhase section */

/* Begin PBXShellScriptBuildPhase section */
		16E17E7EFBD598AA1C74369A /* [CP] Embed Pods Frameworks */ = {
			isa = PBXShellScriptBuildPhase;
			buildActionMask = 2147483647;
			files = (
			);
			inputPaths = (
			);
			name = "[CP] Embed Pods Frameworks";
			outputPaths = (
			);
			runOnlyForDeploymentPostprocessing = 0;
			shellPath = /bin/sh;
			shellScript = "\"${SRCROOT}/Pods/Target Support Files/Pods-WonderfulAdventure/Pods-WonderfulAdventure-frameworks.sh\"\n";
			showEnvVarsInLog = 0;
		};
		1FE9C354F89EB77FC28AA171 /* [CP] Check Pods Manifest.lock */ = {
			isa = PBXShellScriptBuildPhase;
			buildActionMask = 2147483647;
			files = (
			);
			inputPaths = (
			);
			name = "[CP] Check Pods Manifest.lock";
			outputPaths = (
			);
			runOnlyForDeploymentPostprocessing = 0;
			shellPath = /bin/sh;
			shellScript = "diff \"${PODS_PODFILE_DIR_PATH}/Podfile.lock\" \"${PODS_ROOT}/Manifest.lock\" > /dev/null\nif [ $? != 0 ] ; then\n    # print error to STDERR\n    echo \"error: The sandbox is not in sync with the Podfile.lock. Run 'pod install' or update your CocoaPods installation.\" >&2\n    exit 1\nfi\n";
			showEnvVarsInLog = 0;
		};
		8C3ABB0D27D4E7F363345635 /* [CP] Copy Pods Resources */ = {
			isa = PBXShellScriptBuildPhase;
			buildActionMask = 2147483647;
			files = (
			);
			inputPaths = (
			);
			name = "[CP] Copy Pods Resources";
			outputPaths = (
			);
			runOnlyForDeploymentPostprocessing = 0;
			shellPath = /bin/sh;
			shellScript = "\"${SRCROOT}/Pods/Target Support Files/Pods-WonderfulAdventure/Pods-WonderfulAdventure-resources.sh\"\n";
			showEnvVarsInLog = 0;
		};
/* End PBXShellScriptBuildPhase section */

/* Begin PBXSourcesBuildPhase section */
		D3A78C8B1FABA38600972C88 /* Sources */ = {
			isa = PBXSourcesBuildPhase;
			buildActionMask = 2147483647;
			files = (
				D3A78C951FABA38600972C88 /* ViewController.swift in Sources */,
				D3A78C931FABA38600972C88 /* AppDelegate.swift in Sources */,
			);
			runOnlyForDeploymentPostprocessing = 0;
		};
/* End PBXSourcesBuildPhase section */

/* Begin PBXVariantGroup section */
		D3A78C961FABA38600972C88 /* Main.storyboard */ = {
			isa = PBXVariantGroup;
			children = (
				D3A78C971FABA38600972C88 /* Base */,
			);
			name = Main.storyboard;
			sourceTree = "<group>";
		};
		D3A78C9B1FABA38600972C88 /* LaunchScreen.storyboard */ = {
			isa = PBXVariantGroup;
			children = (
				D3A78C9C1FABA38600972C88 /* Base */,
			);
			name = LaunchScreen.storyboard;
			sourceTree = "<group>";
		};
/* End PBXVariantGroup section */

/* Begin XCBuildConfiguration section */
		D3A78C9F1FABA38600972C88 /* Debug */ = {
			isa = XCBuildConfiguration;
			buildSettings = {
				ALWAYS_SEARCH_USER_PATHS = NO;
				CLANG_ANALYZER_NONNULL = YES;
				CLANG_ANALYZER_NUMBER_OBJECT_CONVERSION = YES_AGGRESSIVE;
				CLANG_CXX_LANGUAGE_STANDARD = "gnu++14";
				CLANG_CXX_LIBRARY = "libc++";
				CLANG_ENABLE_MODULES = YES;
				CLANG_ENABLE_OBJC_ARC = YES;
				CLANG_WARN_BLOCK_CAPTURE_AUTORELEASING = YES;
				CLANG_WARN_BOOL_CONVERSION = YES;
				CLANG_WARN_COMMA = YES;
				CLANG_WARN_CONSTANT_CONVERSION = YES;
				CLANG_WARN_DIRECT_OBJC_ISA_USAGE = YES_ERROR;
				CLANG_WARN_DOCUMENTATION_COMMENTS = YES;
				CLANG_WARN_EMPTY_BODY = YES;
				CLANG_WARN_ENUM_CONVERSION = YES;
				CLANG_WARN_INFINITE_RECURSION = YES;
				CLANG_WARN_INT_CONVERSION = YES;
				CLANG_WARN_NON_LITERAL_NULL_CONVERSION = YES;
				CLANG_WARN_OBJC_LITERAL_CONVERSION = YES;
				CLANG_WARN_OBJC_ROOT_CLASS = YES_ERROR;
				CLANG_WARN_RANGE_LOOP_ANALYSIS = YES;
				CLANG_WARN_STRICT_PROTOTYPES = YES;
				CLANG_WARN_SUSPICIOUS_MOVE = YES;
				CLANG_WARN_UNGUARDED_AVAILABILITY = YES_AGGRESSIVE;
				CLANG_WARN_UNREACHABLE_CODE = YES;
				CLANG_WARN__DUPLICATE_METHOD_MATCH = YES;
				CODE_SIGN_IDENTITY = "iPhone Developer";
				COPY_PHASE_STRIP = NO;
				DEBUG_INFORMATION_FORMAT = dwarf;
				ENABLE_STRICT_OBJC_MSGSEND = YES;
				ENABLE_TESTABILITY = YES;
				GCC_C_LANGUAGE_STANDARD = gnu11;
				GCC_DYNAMIC_NO_PIC = NO;
				GCC_NO_COMMON_BLOCKS = YES;
				GCC_OPTIMIZATION_LEVEL = 0;
				GCC_PREPROCESSOR_DEFINITIONS = (
					"DEBUG=1",
					"$(inherited)",
				);
				GCC_WARN_64_TO_32_BIT_CONVERSION = YES;
				GCC_WARN_ABOUT_RETURN_TYPE = YES_ERROR;
				GCC_WARN_UNDECLARED_SELECTOR = YES;
				GCC_WARN_UNINITIALIZED_AUTOS = YES_AGGRESSIVE;
				GCC_WARN_UNUSED_FUNCTION = YES;
				GCC_WARN_UNUSED_VARIABLE = YES;
				IPHONEOS_DEPLOYMENT_TARGET = 11.0;
				MTL_ENABLE_DEBUG_INFO = YES;
				ONLY_ACTIVE_ARCH = YES;
				SDKROOT = iphoneos;
				SWIFT_ACTIVE_COMPILATION_CONDITIONS = DEBUG;
				SWIFT_OPTIMIZATION_LEVEL = "-Onone";
			};
			name = Debug;
		};
		D3A78CA01FABA38600972C88 /* Release */ = {
			isa = XCBuildConfiguration;
			buildSettings = {
				ALWAYS_SEARCH_USER_PATHS = NO;
				CLANG_ANALYZER_NONNULL = YES;
				CLANG_ANALYZER_NUMBER_OBJECT_CONVERSION = YES_AGGRESSIVE;
				CLANG_CXX_LANGUAGE_STANDARD = "gnu++14";
				CLANG_CXX_LIBRARY = "libc++";
				CLANG_ENABLE_MODULES = YES;
				CLANG_ENABLE_OBJC_ARC = YES;
				CLANG_WARN_BLOCK_CAPTURE_AUTORELEASING = YES;
				CLANG_WARN_BOOL_CONVERSION = YES;
				CLANG_WARN_COMMA = YES;
				CLANG_WARN_CONSTANT_CONVERSION = YES;
				CLANG_WARN_DIRECT_OBJC_ISA_USAGE = YES_ERROR;
				CLANG_WARN_DOCUMENTATION_COMMENTS = YES;
				CLANG_WARN_EMPTY_BODY = YES;
				CLANG_WARN_ENUM_CONVERSION = YES;
				CLANG_WARN_INFINITE_RECURSION = YES;
				CLANG_WARN_INT_CONVERSION = YES;
				CLANG_WARN_NON_LITERAL_NULL_CONVERSION = YES;
				CLANG_WARN_OBJC_LITERAL_CONVERSION = YES;
				CLANG_WARN_OBJC_ROOT_CLASS = YES_ERROR;
				CLANG_WARN_RANGE_LOOP_ANALYSIS = YES;
				CLANG_WARN_STRICT_PROTOTYPES = YES;
				CLANG_WARN_SUSPICIOUS_MOVE = YES;
				CLANG_WARN_UNGUARDED_AVAILABILITY = YES_AGGRESSIVE;
				CLANG_WARN_UNREACHABLE_CODE = YES;
				CLANG_WARN__DUPLICATE_METHOD_MATCH = YES;
				CODE_SIGN_IDENTITY = "iPhone Developer";
				COPY_PHASE_STRIP = NO;
				DEBUG_INFORMATION_FORMAT = "dwarf-with-dsym";
				ENABLE_NS_ASSERTIONS = NO;
				ENABLE_STRICT_OBJC_MSGSEND = YES;
				GCC_C_LANGUAGE_STANDARD = gnu11;
				GCC_NO_COMMON_BLOCKS = YES;
				GCC_WARN_64_TO_32_BIT_CONVERSION = YES;
				GCC_WARN_ABOUT_RETURN_TYPE = YES_ERROR;
				GCC_WARN_UNDECLARED_SELECTOR = YES;
				GCC_WARN_UNINITIALIZED_AUTOS = YES_AGGRESSIVE;
				GCC_WARN_UNUSED_FUNCTION = YES;
				GCC_WARN_UNUSED_VARIABLE = YES;
				IPHONEOS_DEPLOYMENT_TARGET = 11.0;
				MTL_ENABLE_DEBUG_INFO = NO;
				SDKROOT = iphoneos;
				SWIFT_OPTIMIZATION_LEVEL = "-Owholemodule";
				VALIDATE_PRODUCT = YES;
			};
			name = Release;
		};
		D3A78CA21FABA38600972C88 /* Debug */ = {
			isa = XCBuildConfiguration;
			baseConfigurationReference = 8AF5CA3C08C091AC2C62996B /* Pods-WonderfulAdventure.debug.xcconfig */;
			buildSettings = {
				ASSETCATALOG_COMPILER_APPICON_NAME = AppIcon;
				CODE_SIGN_STYLE = Automatic;
				DEVELOPMENT_TEAM = Z7GGAN86UF;
				INFOPLIST_FILE = WonderfulAdventure/Info.plist;
				LD_RUNPATH_SEARCH_PATHS = "$(inherited) @executable_path/Frameworks";
				PRODUCT_BUNDLE_IDENTIFIER = "com.LivePerson.Chris-and-Morgan-s-Wonderful-Adventure";
				PRODUCT_NAME = "$(TARGET_NAME)";
				SWIFT_VERSION = 4.0;
				TARGETED_DEVICE_FAMILY = "1,2";
			};
			name = Debug;
		};
		D3A78CA31FABA38600972C88 /* Release */ = {
			isa = XCBuildConfiguration;
			baseConfigurationReference = 6D395089DF63D0CB4A293298 /* Pods-WonderfulAdventure.release.xcconfig */;
			buildSettings = {
				ASSETCATALOG_COMPILER_APPICON_NAME = AppIcon;
				CODE_SIGN_STYLE = Automatic;
				DEVELOPMENT_TEAM = Z7GGAN86UF;
				INFOPLIST_FILE = WonderfulAdventure/Info.plist;
				LD_RUNPATH_SEARCH_PATHS = "$(inherited) @executable_path/Frameworks";
				PRODUCT_BUNDLE_IDENTIFIER = "com.LivePerson.Chris-and-Morgan-s-Wonderful-Adventure";
				PRODUCT_NAME = "$(TARGET_NAME)";
				SWIFT_VERSION = 4.0;
				TARGETED_DEVICE_FAMILY = "1,2";
			};
			name = Release;
		};
/* End XCBuildConfiguration section */

/* Begin XCConfigurationList section */
		D3A78C8A1FABA38600972C88 /* Build configuration list for PBXProject "WonderfulAdventure" */ = {
			isa = XCConfigurationList;
			buildConfigurations = (
				D3A78C9F1FABA38600972C88 /* Debug */,
				D3A78CA01FABA38600972C88 /* Release */,
			);
			defaultConfigurationIsVisible = 0;
			defaultConfigurationName = Release;
		};
		D3A78CA11FABA38600972C88 /* Build configuration list for PBXNativeTarget "WonderfulAdventure" */ = {
			isa = XCConfigurationList;
			buildConfigurations = (
				D3A78CA21FABA38600972C88 /* Debug */,
				D3A78CA31FABA38600972C88 /* Release */,
			);
			defaultConfigurationIsVisible = 0;
			defaultConfigurationName = Release;
		};
/* End XCConfigurationList section */
	};
	rootObject = D3A78C871FABA38600972C88 /* Project object */;
}
